{
  "pins" : [
    {
      "identity" : "collection-sorted-by-keypath",
      "kind" : "remoteSourceControl",
      "location" : "https://github.com/jeremyabannister/Collection-sorted-by-KeyPath",
      "state" : {
        "revision" : "2f5aef19fc4aa9292f6e4b1cbe6e79097927ef5e",
        "version" : "0.1.0"
      }
    },
    {
      "identity" : "collectionconcurrencykit",
      "kind" : "remoteSourceControl",
      "location" : "https://github.com/jeremyabannister/CollectionConcurrencyKit",
      "state" : {
        "revision" : "02850715b75e6cf27b0994687c7988d4ccd9b899",
        "version" : "0.2.3"
      }
    },
    {
      "identity" : "data-humanreadabledescription",
      "kind" : "remoteSourceControl",
      "location" : "https://github.com/jeremyabannister/Data-humanReadableDescription",
      "state" : {
        "revision" : "38a7f852da2ad780626fcc30af528b0ae790d4a8",
        "version" : "0.1.0"
      }
    },
    {
      "identity" : "data-utf8string",
      "kind" : "remoteSourceControl",
      "location" : "https://github.com/jeremyabannister/Data-utf8String",
      "state" : {
        "revision" : "0c9ce9755054c84aea37bbb385f0859df837aca1",
        "version" : "0.1.0"
      }
    },
    {
      "identity" : "dummymodule",
      "kind" : "remoteSourceControl",
      "location" : "https://github.com/jeremyabannister/DummyModule",
      "state" : {
        "revision" : "ac22680abf1e4e7916c5abf53227395f51470bb1",
        "version" : "0.1.0"
      }
    },
    {
      "identity" : "emptycodablemodule",
      "kind" : "remoteSourceControl",
      "location" : "https://github.com/jeremyabannister/EmptyCodableModule",
      "state" : {
        "revision" : "9f2c354a49ca3e58d7203780df40741b1a51a0b3",
        "version" : "0.1.2"
      }
    },
    {
      "identity" : "errormessage",
      "kind" : "remoteSourceControl",
      "location" : "https://github.com/jeremyabannister/ErrorMessage",
      "state" : {
        "revision" : "a0b253ecbfcc8035e88e26f3b4f841ec0fe9a03d",
        "version" : "0.1.2"
      }
    },
    {
      "identity" : "expressionergonomics",
      "kind" : "remoteSourceControl",
      "location" : "https://github.com/jeremyabannister/ExpressionErgonomics",
      "state" : {
        "revision" : "be1fcd5978c4dc13548c67e5c6e6c59160d3d2c1",
        "version" : "0.3.0"
      }
    },
    {
      "identity" : "jsontoolkit",
      "kind" : "remoteSourceControl",
      "location" : "https://github.com/jeremyabannister/JSONToolkit",
      "state" : {
        "revision" : "b95edb2f2b30c5d8604fb2c010908dd78652ef03",
        "version" : "0.1.1"
      }
    },
    {
      "identity" : "notdone",
      "kind" : "remoteSourceControl",
      "location" : "https://github.com/jeremyabannister/NOTDONE",
      "state" : {
        "revision" : "b69d8d7e471423ba18cf3edafbbec89573f69f16",
        "version" : "0.1.0"
      }
    },
    {
      "identity" : "propervaluetype",
      "kind" : "remoteSourceControl",
      "location" : "https://github.com/jeremyabannister/ProperValueType",
      "state" : {
        "revision" : "5f80c61824279e0c4038159c77cc31866d220248",
        "version" : "0.1.2"
      }
    },
    {
      "identity" : "randomlygeneratablemodule",
      "kind" : "remoteSourceControl",
      "location" : "https://github.com/jeremyabannister/RandomlyGeneratableModule",
      "state" : {
        "revision" : "89e6dea09d0df5c464a44f00b96b6fccd0f5452d",
        "version" : "0.1.0"
      }
    },
    {
      "identity" : "referencetype",
      "kind" : "remoteSourceControl",
      "location" : "https://github.com/jeremyabannister/ReferenceType",
      "state" : {
        "revision" : "7f5e5d5278c848e286f898c459ab2c22ae9b04ab",
        "version" : "0.1.2"
      }
    },
    {
      "identity" : "retroactiveconformance-dictionary-error",
      "kind" : "remoteSourceControl",
      "location" : "https://github.com/jeremyabannister/RetroactiveConformance-Dictionary-Error",
      "state" : {
        "revision" : "fcc514c988bc6bae5dedb57563d2715d830af598",
        "version" : "0.1.0"
      }
    },
    {
      "identity" : "string-utf8data",
      "kind" : "remoteSourceControl",
      "location" : "https://github.com/jeremyabannister/String-utf8Data",
      "state" : {
        "revision" : "af34c29e3abefb0b8f48ba4d29b6942609da9a2a",
        "version" : "0.1.0"
      }
    },
    {
      "identity" : "subscript-collection-safely",
      "kind" : "remoteSourceControl",
      "location" : "https://github.com/jeremyabannister/subscript-collection-safely",
      "state" : {
        "revision" : "c78fbddba5ffdf074cc9e4e2d7fab0e5ec56700e",
        "version" : "0.1.1"
      }
    },
    {
      "identity" : "testable",
      "kind" : "remoteSourceControl",
      "location" : "https://github.com/jeremyabannister/Testable",
      "state" : {
        "revision" : "d59eee3f61455d35baea4c8cd153ac342b4b3617",
        "version" : "0.1.6"
      }
    },
    {
      "identity" : "verboseequatable",
      "kind" : "remoteSourceControl",
      "location" : "https://github.com/jeremyabannister/VerboseEquatable",
      "state" : {
        "revision" : "7089d4e3e775f6eee3e9752ba8b7018b250f1598",
        "version" : "0.1.5"
      }
    },
    {
      "identity" : "xctesttoolkit",
      "kind" : "remoteSourceControl",
      "location" : "https://github.com/jeremyabannister/XCTestToolkit",
      "state" : {
        "revision" : "ad6a4de96c7ff31435afb1945f719a30edc867ad",
        "version" : "0.1.5"
      }
    }
  ],
  "version" : 2
}
