{
  "object": {
    "pins": [
      {
        "package": "CollectionConcurrencyKit",
        "repositoryURL": "https://github.com/jeremyabannister/CollectionConcurrencyKit",
        "state": {
          "branch": null,
          "revision": "02850715b75e6cf27b0994687c7988d4ccd9b899",
          "version": "0.2.3"
        }
      },
      {
        "package": "ErrorMessage",
        "repositoryURL": "https://github.com/jeremyabannister/ErrorMessage",
        "state": {
          "branch": null,
          "revision": "a0b253ecbfcc8035e88e26f3b4f841ec0fe9a03d",
          "version": "0.1.2"
        }
      },
      {
        "package": "ExpressionErgonomics",
        "repositoryURL": "https://github.com/jeremyabannister/ExpressionErgonomics",
        "state": {
          "branch": null,
          "revision": "ebeff739b0c89f6e69a74d0136aea8e4f5cd256f",
          "version": "0.2.5"
        }
      },
      {
        "package": "NOTDONE",
        "repositoryURL": "https://github.com/jeremyabannister/NOTDONE",
        "state": {
          "branch": null,
          "revision": "b69d8d7e471423ba18cf3edafbbec89573f69f16",
          "version": "0.1.0"
        }
      },
      {
        "package": "ProperValueType",
        "repositoryURL": "https://github.com/jeremyabannister/ProperValueType",
        "state": {
          "branch": null,
          "revision": "fff4702852d0658676da1896c93625e7ff4b0f7d",
          "version": "0.1.0"
        }
      },
      {
        "package": "ReferenceType",
        "repositoryURL": "https://github.com/jeremyabannister/ReferenceType",
        "state": {
          "branch": null,
          "revision": "df906ebeb31f2de16e3cf6b0bc38dc903fee8361",
          "version": "0.1.1"
        }
      },
      {
        "package": "Testable",
        "repositoryURL": "https://github.com/jeremyabannister/Testable",
        "state": {
          "branch": null,
          "revision": "5eb6bfd344bbf0fea93cf59027a13dcb52825a47",
          "version": "0.1.2"
        }
      },
      {
        "package": "VerboseEquatable",
        "repositoryURL": "https://github.com/jeremyabannister/VerboseEquatable",
        "state": {
          "branch": null,
          "revision": "1cc7ee4342ab5b5f6c1a2e6581fee21d2fb5ea42",
          "version": "0.1.4"
        }
      },
      {
        "package": "XCTestToolkit",
        "repositoryURL": "https://github.com/jeremyabannister/XCTestToolkit",
        "state": {
          "branch": null,
          "revision": "12e9e9cb6ae61489a5e872b7e086db9b03f2ea2e",
          "version": "0.1.2"
        }
      }
    ]
  },
  "version": 1
}
