{
  "object": {
    "pins": [
      {
        "package": "CollectionConcurrencyKit",
        "repositoryURL": "https://github.com/jeremyabannister/CollectionConcurrencyKit",
        "state": {
          "branch": null,
          "revision": "02850715b75e6cf27b0994687c7988d4ccd9b899",
          "version": "0.2.3"
        }
      },
      {
        "package": "EmptyCodableModule",
        "repositoryURL": "https://github.com/jeremyabannister/EmptyCodableModule",
        "state": {
          "branch": null,
          "revision": "f796c11ca7ca1beb0d913cdd8879049969366c97",
          "version": "0.1.1"
        }
      },
      {
        "package": "ErrorMessage",
        "repositoryURL": "https://github.com/jeremyabannister/ErrorMessage",
        "state": {
          "branch": null,
          "revision": "a0b253ecbfcc8035e88e26f3b4f841ec0fe9a03d",
          "version": "0.1.2"
        }
      },
      {
        "package": "ExpressionErgonomics",
        "repositoryURL": "https://github.com/jeremyabannister/ExpressionErgonomics",
        "state": {
          "branch": null,
          "revision": "be1fcd5978c4dc13548c67e5c6e6c59160d3d2c1",
          "version": "0.3.0"
        }
      },
      {
        "package": "NOTDONE",
        "repositoryURL": "https://github.com/jeremyabannister/NOTDONE",
        "state": {
          "branch": null,
          "revision": "b69d8d7e471423ba18cf3edafbbec89573f69f16",
          "version": "0.1.0"
        }
      },
      {
        "package": "ProperValueType",
        "repositoryURL": "https://github.com/jeremyabannister/ProperValueType",
        "state": {
          "branch": null,
          "revision": "d6c91820e1e10a749e8bbed207a3f1cf5a2e75ab",
          "version": "0.1.1"
        }
      },
      {
        "package": "RandomlyGeneratableModule",
        "repositoryURL": "https://github.com/jeremyabannister/RandomlyGeneratableModule",
        "state": {
          "branch": null,
          "revision": "89e6dea09d0df5c464a44f00b96b6fccd0f5452d",
          "version": "0.1.0"
        }
      },
      {
        "package": "ReferenceType",
        "repositoryURL": "https://github.com/jeremyabannister/ReferenceType",
        "state": {
          "branch": null,
          "revision": "df906ebeb31f2de16e3cf6b0bc38dc903fee8361",
          "version": "0.1.1"
        }
      },
      {
        "package": "subscript-collection-safely",
        "repositoryURL": "https://github.com/jeremyabannister/subscript-collection-safely",
        "state": {
          "branch": null,
          "revision": "8f93263b6f112279429acfee9817a0fdbabb44b9",
          "version": "0.1.0"
        }
      },
      {
        "package": "Testable",
        "repositoryURL": "https://github.com/jeremyabannister/Testable",
        "state": {
          "branch": null,
          "revision": "3d8ce23094a80bf10820668459b2659a9ede4997",
          "version": "0.1.4"
        }
      },
      {
        "package": "VerboseEquatable",
        "repositoryURL": "https://github.com/jeremyabannister/VerboseEquatable",
        "state": {
          "branch": null,
          "revision": "7089d4e3e775f6eee3e9752ba8b7018b250f1598",
          "version": "0.1.5"
        }
      },
      {
        "package": "XCTestToolkit",
        "repositoryURL": "https://github.com/jeremyabannister/XCTestToolkit",
        "state": {
          "branch": null,
          "revision": "b564a62731a30b434d110b8d43775707a15dd227",
          "version": "0.1.3"
        }
      }
    ]
  },
  "version": 1
}
